
Microsoft Visual Studio Solution File, Format Version 11.00
# Visual C++ Express 2010
Project("{8BC9CEB8-8B4A-11D0-8D11-00A0C91BC942}") = "Práctica 4", "Práctica 4\Práctica 4.vcxproj", "{DD630396-D824-4C47-8267-40CC2E36DBD9}"
EndProject
Global
	GlobalSection(SolutionConfigurationPlatforms) = preSolution
		Debug|Win32 = Debug|Win32
		Release|Win32 = Release|Win32
	EndGlobalSection
	GlobalSection(ProjectConfigurationPlatforms) = postSolution
		{DD630396-D824-4C47-8267-40CC2E36DBD9}.Debug|Win32.ActiveCfg = Debug|Win32
		{DD630396-D824-4C47-8267-40CC2E36DBD9}.Debug|Win32.Build.0 = Debug|Win32
		{DD630396-D824-4C47-8267-40CC2E36DBD9}.Release|Win32.ActiveCfg = Release|Win32
		{DD630396-D824-4C47-8267-40CC2E36DBD9}.Release|Win32.Build.0 = Release|Win32
	EndGlobalSection
	GlobalSection(SolutionProperties) = preSolution
		HideSolutionNode = FALSE
	EndGlobalSection
EndGlobal
