
Microsoft Visual Studio Solution File, Format Version 11.00
# Visual C++ Express 2010
Project("{8BC9CEB8-8B4A-11D0-8D11-00A0C91BC942}") = "Práctica 5", "Práctica 5\Práctica 5.vcxproj", "{09433EF4-E865-4C16-9991-9A20E3A1D154}"
EndProject
Global
	GlobalSection(SolutionConfigurationPlatforms) = preSolution
		Debug|Win32 = Debug|Win32
		Release|Win32 = Release|Win32
	EndGlobalSection
	GlobalSection(ProjectConfigurationPlatforms) = postSolution
		{09433EF4-E865-4C16-9991-9A20E3A1D154}.Debug|Win32.ActiveCfg = Debug|Win32
		{09433EF4-E865-4C16-9991-9A20E3A1D154}.Debug|Win32.Build.0 = Debug|Win32
		{09433EF4-E865-4C16-9991-9A20E3A1D154}.Release|Win32.ActiveCfg = Release|Win32
		{09433EF4-E865-4C16-9991-9A20E3A1D154}.Release|Win32.Build.0 = Release|Win32
	EndGlobalSection
	GlobalSection(SolutionProperties) = preSolution
		HideSolutionNode = FALSE
	EndGlobalSection
EndGlobal
